// !$*UTF8*$!
{
	archiveVersion = 1;
	classes = {
	};
	objectVersion = 46;
	objects = {

/* Begin PBXBuildFile section */
		2F15A2601E1D723200FC7C89 /* AppDelegate.swift in Sources */ = {isa = PBXBuildFile; fileRef = 2F15A25F1E1D723200FC7C89 /* AppDelegate.swift */; };
		2F15A2621E1D723200FC7C89 /* ViewController.swift in Sources */ = {isa = PBXBuildFile; fileRef = 2F15A2611E1D723200FC7C89 /* ViewController.swift */; };
		2F15A2651E1D723200FC7C89 /* Main.storyboard in Resources */ = {isa = PBXBuildFile; fileRef = 2F15A2631E1D723200FC7C89 /* Main.storyboard */; };
		2F15A2671E1D723200FC7C89 /* Assets.xcassets in Resources */ = {isa = PBXBuildFile; fileRef = 2F15A2661E1D723200FC7C89 /* Assets.xcassets */; };
		2F15A26A1E1D723200FC7C89 /* LaunchScreen.storyboard in Resources */ = {isa = PBXBuildFile; fileRef = 2F15A2681E1D723200FC7C89 /* LaunchScreen.storyboard */; };
		2F15A2751E1D723200FC7C89 /* testEyeVersionTests.swift in Sources */ = {isa = PBXBuildFile; fileRef = 2F15A2741E1D723200FC7C89 /* testEyeVersionTests.swift */; };
		2F15A2801E1D723200FC7C89 /* testEyeVersionUITests.swift in Sources */ = {isa = PBXBuildFile; fileRef = 2F15A27F1E1D723200FC7C89 /* testEyeVersionUITests.swift */; };
/* End PBXBuildFile section */

/* Begin PBXContainerItemProxy section */
		2F15A2711E1D723200FC7C89 /* PBXContainerItemProxy */ = {
			isa = PBXContainerItemProxy;
			containerPortal = 2F15A2541E1D723200FC7C89 /* Project object */;
			proxyType = 1;
			remoteGlobalIDString = 2F15A25B1E1D723200FC7C89;
			remoteInfo = testEyeVersion;
		};
		2F15A27C1E1D723200FC7C89 /* PBXContainerItemProxy */ = {
			isa = PBXContainerItemProxy;
			containerPortal = 2F15A2541E1D723200FC7C89 /* Project object */;
			proxyType = 1;
			remoteGlobalIDString = 2F15A25B1E1D723200FC7C89;
			remoteInfo = testEyeVersion;
		};
/* End PBXContainerItemProxy section */

/* Begin PBXFileReference section */
		2F15A25C1E1D723200FC7C89 /* testEyeVersion.app */ = {isa = PBXFileReference; explicitFileType = wrapper.application; includeInIndex = 0; path = testEyeVersion.app; sourceTree = BUILT_PRODUCTS_DIR; };
		2F15A25F1E1D723200FC7C89 /* AppDelegate.swift */ = {isa = PBXFileReference; lastKnownFileType = sourcecode.swift; path = AppDelegate.swift; sourceTree = "<group>"; };
		2F15A2611E1D723200FC7C89 /* ViewController.swift */ = {isa = PBXFileReference; lastKnownFileType = sourcecode.swift; path = ViewController.swift; sourceTree = "<group>"; };
		2F15A2641E1D723200FC7C89 /* Base */ = {isa = PBXFileReference; lastKnownFileType = file.storyboard; name = Base; path = Base.lproj/Main.storyboard; sourceTree = "<group>"; };
		2F15A2661E1D723200FC7C89 /* Assets.xcassets */ = {isa = PBXFileReference; lastKnownFileType = folder.assetcatalog; path = Assets.xcassets; sourceTree = "<group>"; };
		2F15A2691E1D723200FC7C89 /* Base */ = {isa = PBXFileReference; lastKnownFileType = file.storyboard; name = Base; path = Base.lproj/LaunchScreen.storyboard; sourceTree = "<group>"; };
		2F15A26B1E1D723200FC7C89 /* Info.plist */ = {isa = PBXFileReference; lastKnownFileType = text.plist.xml; path = Info.plist; sourceTree = "<group>"; };
		2F15A2701E1D723200FC7C89 /* testEyeVersionTests.xctest */ = {isa = PBXFileReference; explicitFileType = wrapper.cfbundle; includeInIndex = 0; path = testEyeVersionTests.xctest; sourceTree = BUILT_PRODUCTS_DIR; };
		2F15A2741E1D723200FC7C89 /* testEyeVersionTests.swift */ = {isa = PBXFileReference; lastKnownFileType = sourcecode.swift; path = testEyeVersionTests.swift; sourceTree = "<group>"; };
		2F15A2761E1D723200FC7C89 /* Info.plist */ = {isa = PBXFileReference; lastKnownFileType = text.plist.xml; path = Info.plist; sourceTree = "<group>"; };
		2F15A27B1E1D723200FC7C89 /* testEyeVersionUITests.xctest */ = {isa = PBXFileReference; explicitFileType = wrapper.cfbundle; includeInIndex = 0; path = testEyeVersionUITests.xctest; sourceTree = BUILT_PRODUCTS_DIR; };
		2F15A27F1E1D723200FC7C89 /* testEyeVersionUITests.swift */ = {isa = PBXFileReference; lastKnownFileType = sourcecode.swift; path = testEyeVersionUITests.swift; sourceTree = "<group>"; };
		2F15A2811E1D723200FC7C89 /* Info.plist */ = {isa = PBXFileReference; lastKnownFileType = text.plist.xml; path = Info.plist; sourceTree = "<group>"; };
/* End PBXFileReference section */

/* Begin PBXFrameworksBuildPhase section */
		2F15A2591E1D723200FC7C89 /* Frameworks */ = {
			isa = PBXFrameworksBuildPhase;
			buildActionMask = 2147483647;
			files = (
			);
			runOnlyForDeploymentPostprocessing = 0;
		};
		2F15A26D1E1D723200FC7C89 /* Frameworks */ = {
			isa = PBXFrameworksBuildPhase;
			buildActionMask = 2147483647;
			files = (
			);
			runOnlyForDeploymentPostprocessing = 0;
		};
		2F15A2781E1D723200FC7C89 /* Frameworks */ = {
			isa = PBXFrameworksBuildPhase;
			buildActionMask = 2147483647;
			files = (
			);
			runOnlyForDeploymentPostprocessing = 0;
		};
/* End PBXFrameworksBuildPhase section */

/* Begin PBXGroup section */
		2F15A2531E1D723200FC7C89 = {
			isa = PBXGroup;
			children = (
				2F15A25E1E1D723200FC7C89 /* testEyeVersion */,
				2F15A2731E1D723200FC7C89 /* testEyeVersionTests */,
				2F15A27E1E1D723200FC7C89 /* testEyeVersionUITests */,
				2F15A25D1E1D723200FC7C89 /* Products */,
			);
			sourceTree = "<group>";
		};
		2F15A25D1E1D723200FC7C89 /* Products */ = {
			isa = PBXGroup;
			children = (
				2F15A25C1E1D723200FC7C89 /* testEyeVersion.app */,
				2F15A2701E1D723200FC7C89 /* testEyeVersionTests.xctest */,
				2F15A27B1E1D723200FC7C89 /* testEyeVersionUITests.xctest */,
			);
			name = Products;
			sourceTree = "<group>";
		};
		2F15A25E1E1D723200FC7C89 /* testEyeVersion */ = {
			isa = PBXGroup;
			children = (
				2F15A25F1E1D723200FC7C89 /* AppDelegate.swift */,
				2F15A2611E1D723200FC7C89 /* ViewController.swift */,
				2F15A2631E1D723200FC7C89 /* Main.storyboard */,
				2F15A2661E1D723200FC7C89 /* Assets.xcassets */,
				2F15A2681E1D723200FC7C89 /* LaunchScreen.storyboard */,
				2F15A26B1E1D723200FC7C89 /* Info.plist */,
			);
			path = testEyeVersion;
			sourceTree = "<group>";
		};
		2F15A2731E1D723200FC7C89 /* testEyeVersionTests */ = {
			isa = PBXGroup;
			children = (
				2F15A2741E1D723200FC7C89 /* testEyeVersionTests.swift */,
				2F15A2761E1D723200FC7C89 /* Info.plist */,
			);
			path = testEyeVersionTests;
			sourceTree = "<group>";
		};
		2F15A27E1E1D723200FC7C89 /* testEyeVersionUITests */ = {
			isa = PBXGroup;
			children = (
				2F15A27F1E1D723200FC7C89 /* testEyeVersionUITests.swift */,
				2F15A2811E1D723200FC7C89 /* Info.plist */,
			);
			path = testEyeVersionUITests;
			sourceTree = "<group>";
		};
/* End PBXGroup section */

/* Begin PBXNativeTarget section */
		2F15A25B1E1D723200FC7C89 /* testEyeVersion */ = {
			isa = PBXNativeTarget;
			buildConfigurationList = 2F15A2841E1D723200FC7C89 /* Build configuration list for PBXNativeTarget "testEyeVersion" */;
			buildPhases = (
				2F15A2581E1D723200FC7C89 /* Sources */,
				2F15A2591E1D723200FC7C89 /* Frameworks */,
				2F15A25A1E1D723200FC7C89 /* Resources */,
			);
			buildRules = (
			);
			dependencies = (
			);
			name = testEyeVersion;
			productName = testEyeVersion;
			productReference = 2F15A25C1E1D723200FC7C89 /* testEyeVersion.app */;
			productType = "com.apple.product-type.application";
		};
		2F15A26F1E1D723200FC7C89 /* testEyeVersionTests */ = {
			isa = PBXNativeTarget;
			buildConfigurationList = 2F15A2871E1D723200FC7C89 /* Build configuration list for PBXNativeTarget "testEyeVersionTests" */;
			buildPhases = (
				2F15A26C1E1D723200FC7C89 /* Sources */,
				2F15A26D1E1D723200FC7C89 /* Frameworks */,
				2F15A26E1E1D723200FC7C89 /* Resources */,
			);
			buildRules = (
			);
			dependencies = (
				2F15A2721E1D723200FC7C89 /* PBXTargetDependency */,
			);
			name = testEyeVersionTests;
			productName = testEyeVersionTests;
			productReference = 2F15A2701E1D723200FC7C89 /* testEyeVersionTests.xctest */;
			productType = "com.apple.product-type.bundle.unit-test";
		};
		2F15A27A1E1D723200FC7C89 /* testEyeVersionUITests */ = {
			isa = PBXNativeTarget;
			buildConfigurationList = 2F15A28A1E1D723200FC7C89 /* Build configuration list for PBXNativeTarget "testEyeVersionUITests" */;
			buildPhases = (
				2F15A2771E1D723200FC7C89 /* Sources */,
				2F15A2781E1D723200FC7C89 /* Frameworks */,
				2F15A2791E1D723200FC7C89 /* Resources */,
			);
			buildRules = (
			);
			dependencies = (
				2F15A27D1E1D723200FC7C89 /* PBXTargetDependency */,
			);
			name = testEyeVersionUITests;
			productName = testEyeVersionUITests;
			productReference = 2F15A27B1E1D723200FC7C89 /* testEyeVersionUITests.xctest */;
			productType = "com.apple.product-type.bundle.ui-testing";
		};
/* End PBXNativeTarget section */

/* Begin PBXProject section */
		2F15A2541E1D723200FC7C89 /* Project object */ = {
			isa = PBXProject;
			attributes = {
				LastSwiftUpdateCheck = 0810;
				LastUpgradeCheck = 0810;
				ORGANIZATIONNAME = "Yael Rubinstein";
				TargetAttributes = {
					2F15A25B1E1D723200FC7C89 = {
						CreatedOnToolsVersion = 8.1;
						DevelopmentTeam = 52P882228D;
						ProvisioningStyle = Automatic;
					};
					2F15A26F1E1D723200FC7C89 = {
						CreatedOnToolsVersion = 8.1;
						DevelopmentTeam = 52P882228D;
						ProvisioningStyle = Automatic;
						TestTargetID = 2F15A25B1E1D723200FC7C89;
					};
					2F15A27A1E1D723200FC7C89 = {
						CreatedOnToolsVersion = 8.1;
						DevelopmentTeam = 52P882228D;
						ProvisioningStyle = Automatic;
						TestTargetID = 2F15A25B1E1D723200FC7C89;
					};
				};
			};
			buildConfigurationList = 2F15A2571E1D723200FC7C89 /* Build configuration list for PBXProject "testEyeVersion" */;
			compatibilityVersion = "Xcode 3.2";
			developmentRegion = English;
			hasScannedForEncodings = 0;
			knownRegions = (
				en,
				Base,
			);
			mainGroup = 2F15A2531E1D723200FC7C89;
			productRefGroup = 2F15A25D1E1D723200FC7C89 /* Products */;
			projectDirPath = "";
			projectRoot = "";
			targets = (
				2F15A25B1E1D723200FC7C89 /* testEyeVersion */,
				2F15A26F1E1D723200FC7C89 /* testEyeVersionTests */,
				2F15A27A1E1D723200FC7C89 /* testEyeVersionUITests */,
			);
		};
/* End PBXProject section */

/* Begin PBXResourcesBuildPhase section */
		2F15A25A1E1D723200FC7C89 /* Resources */ = {
			isa = PBXResourcesBuildPhase;
			buildActionMask = 2147483647;
			files = (
				2F15A26A1E1D723200FC7C89 /* LaunchScreen.storyboard in Resources */,
				2F15A2671E1D723200FC7C89 /* Assets.xcassets in Resources */,
				2F15A2651E1D723200FC7C89 /* Main.storyboard in Resources */,
			);
			runOnlyForDeploymentPostprocessing = 0;
		};
		2F15A26E1E1D723200FC7C89 /* Resources */ = {
			isa = PBXResourcesBuildPhase;
			buildActionMask = 2147483647;
			files = (
			);
			runOnlyForDeploymentPostprocessing = 0;
		};
		2F15A2791E1D723200FC7C89 /* Resources */ = {
			isa = PBXResourcesBuildPhase;
			buildActionMask = 2147483647;
			files = (
			);
			runOnlyForDeploymentPostprocessing = 0;
		};
/* End PBXResourcesBuildPhase section */

/* Begin PBXSourcesBuildPhase section */
		2F15A2581E1D723200FC7C89 /* Sources */ = {
			isa = PBXSourcesBuildPhase;
			buildActionMask = 2147483647;
			files = (
				2F15A2621E1D723200FC7C89 /* ViewController.swift in Sources */,
				2F15A2601E1D723200FC7C89 /* AppDelegate.swift in Sources */,
			);
			runOnlyForDeploymentPostprocessing = 0;
		};
		2F15A26C1E1D723200FC7C89 /* Sources */ = {
			isa = PBXSourcesBuildPhase;
			buildActionMask = 2147483647;
			files = (
				2F15A2751E1D723200FC7C89 /* testEyeVersionTests.swift in Sources */,
			);
			runOnlyForDeploymentPostprocessing = 0;
		};
		2F15A2771E1D723200FC7C89 /* Sources */ = {
			isa = PBXSourcesBuildPhase;
			buildActionMask = 2147483647;
			files = (
				2F15A2801E1D723200FC7C89 /* testEyeVersionUITests.swift in Sources */,
			);
			runOnlyForDeploymentPostprocessing = 0;
		};
/* End PBXSourcesBuildPhase section */

/* Begin PBXTargetDependency section */
		2F15A2721E1D723200FC7C89 /* PBXTargetDependency */ = {
			isa = PBXTargetDependency;
			target = 2F15A25B1E1D723200FC7C89 /* testEyeVersion */;
			targetProxy = 2F15A2711E1D723200FC7C89 /* PBXContainerItemProxy */;
		};
		2F15A27D1E1D723200FC7C89 /* PBXTargetDependency */ = {
			isa = PBXTargetDependency;
			target = 2F15A25B1E1D723200FC7C89 /* testEyeVersion */;
			targetProxy = 2F15A27C1E1D723200FC7C89 /* PBXContainerItemProxy */;
		};
/* End PBXTargetDependency section */

/* Begin PBXVariantGroup section */
		2F15A2631E1D723200FC7C89 /* Main.storyboard */ = {
			isa = PBXVariantGroup;
			children = (
				2F15A2641E1D723200FC7C89 /* Base */,
			);
			name = Main.storyboard;
			sourceTree = "<group>";
		};
		2F15A2681E1D723200FC7C89 /* LaunchScreen.storyboard */ = {
			isa = PBXVariantGroup;
			children = (
				2F15A2691E1D723200FC7C89 /* Base */,
			);
			name = LaunchScreen.storyboard;
			sourceTree = "<group>";
		};
/* End PBXVariantGroup section */

/* Begin XCBuildConfiguration section */
		2F15A2821E1D723200FC7C89 /* Debug */ = {
			isa = XCBuildConfiguration;
			buildSettings = {
				ALWAYS_SEARCH_USER_PATHS = NO;
				CLANG_ANALYZER_NONNULL = YES;
				CLANG_CXX_LANGUAGE_STANDARD = "gnu++0x";
				CLANG_CXX_LIBRARY = "libc++";
				CLANG_ENABLE_MODULES = YES;
				CLANG_ENABLE_OBJC_ARC = YES;
				CLANG_WARN_BOOL_CONVERSION = YES;
				CLANG_WARN_CONSTANT_CONVERSION = YES;
				CLANG_WARN_DIRECT_OBJC_ISA_USAGE = YES_ERROR;
				CLANG_WARN_DOCUMENTATION_COMMENTS = YES;
				CLANG_WARN_EMPTY_BODY = YES;
				CLANG_WARN_ENUM_CONVERSION = YES;
				CLANG_WARN_INFINITE_RECURSION = YES;
				CLANG_WARN_INT_CONVERSION = YES;
				CLANG_WARN_OBJC_ROOT_CLASS = YES_ERROR;
				CLANG_WARN_SUSPICIOUS_MOVES = YES;
				CLANG_WARN_UNREACHABLE_CODE = YES;
				CLANG_WARN__DUPLICATE_METHOD_MATCH = YES;
				"CODE_SIGN_IDENTITY[sdk=iphoneos*]" = "iPhone Developer";
				COPY_PHASE_STRIP = NO;
				DEBUG_INFORMATION_FORMAT = dwarf;
				ENABLE_STRICT_OBJC_MSGSEND = YES;
				ENABLE_TESTABILITY = YES;
				GCC_C_LANGUAGE_STANDARD = gnu99;
				GCC_DYNAMIC_NO_PIC = NO;
				GCC_NO_COMMON_BLOCKS = YES;
				GCC_OPTIMIZATION_LEVEL = 0;
				GCC_PREPROCESSOR_DEFINITIONS = (
					"DEBUG=1",
					"$(inherited)",
				);
				GCC_WARN_64_TO_32_BIT_CONVERSION = YES;
				GCC_WARN_ABOUT_RETURN_TYPE = YES_ERROR;
				GCC_WARN_UNDECLARED_SELECTOR = YES;
				GCC_WARN_UNINITIALIZED_AUTOS = YES_AGGRESSIVE;
				GCC_WARN_UNUSED_FUNCTION = YES;
				GCC_WARN_UNUSED_VARIABLE = YES;
				IPHONEOS_DEPLOYMENT_TARGET = 10.1;
				MTL_ENABLE_DEBUG_INFO = YES;
				ONLY_ACTIVE_ARCH = YES;
				SDKROOT = iphoneos;
				SWIFT_ACTIVE_COMPILATION_CONDITIONS = DEBUG;
				SWIFT_OPTIMIZATION_LEVEL = "-Onone";
				TARGETED_DEVICE_FAMILY = "1,2";
			};
			name = Debug;
		};
		2F15A2831E1D723200FC7C89 /* Release */ = {
			isa = XCBuildConfiguration;
			buildSettings = {
				ALWAYS_SEARCH_USER_PATHS = NO;
				CLANG_ANALYZER_NONNULL = YES;
				CLANG_CXX_LANGUAGE_STANDARD = "gnu++0x";
				CLANG_CXX_LIBRARY = "libc++";
				CLANG_ENABLE_MODULES = YES;
				CLANG_ENABLE_OBJC_ARC = YES;
				CLANG_WARN_BOOL_CONVERSION = YES;
				CLANG_WARN_CONSTANT_CONVERSION = YES;
				CLANG_WARN_DIRECT_OBJC_ISA_USAGE = YES_ERROR;
				CLANG_WARN_DOCUMENTATION_COMMENTS = YES;
				CLANG_WARN_EMPTY_BODY = YES;
				CLANG_WARN_ENUM_CONVERSION = YES;
				CLANG_WARN_INFINITE_RECURSION = YES;
				CLANG_WARN_INT_CONVERSION = YES;
				CLANG_WARN_OBJC_ROOT_CLASS = YES_ERROR;
				CLANG_WARN_SUSPICIOUS_MOVES = YES;
				CLANG_WARN_UNREACHABLE_CODE = YES;
				CLANG_WARN__DUPLICATE_METHOD_MATCH = YES;
				"CODE_SIGN_IDENTITY[sdk=iphoneos*]" = "iPhone Developer";
				COPY_PHASE_STRIP = NO;
				DEBUG_INFORMATION_FORMAT = "dwarf-with-dsym";
				ENABLE_NS_ASSERTIONS = NO;
				ENABLE_STRICT_OBJC_MSGSEND = YES;
				GCC_C_LANGUAGE_STANDARD = gnu99;
				GCC_NO_COMMON_BLOCKS = YES;
				GCC_WARN_64_TO_32_BIT_CONVERSION = YES;
				GCC_WARN_ABOUT_RETURN_TYPE = YES_ERROR;
				GCC_WARN_UNDECLARED_SELECTOR = YES;
				GCC_WARN_UNINITIALIZED_AUTOS = YES_AGGRESSIVE;
				GCC_WARN_UNUSED_FUNCTION = YES;
				GCC_WARN_UNUSED_VARIABLE = YES;
				IPHONEOS_DEPLOYMENT_TARGET = 10.1;
				MTL_ENABLE_DEBUG_INFO = NO;
				SDKROOT = iphoneos;
				SWIFT_OPTIMIZATION_LEVEL = "-Owholemodule";
				TARGETED_DEVICE_FAMILY = "1,2";
				VALIDATE_PRODUCT = YES;
			};
			name = Release;
		};
		2F15A2851E1D723200FC7C89 /* Debug */ = {
			isa = XCBuildConfiguration;
			buildSettings = {
				ASSETCATALOG_COMPILER_APPICON_NAME = AppIcon;
				DEVELOPMENT_TEAM = 52P882228D;
				INFOPLIST_FILE = testEyeVersion/Info.plist;
				LD_RUNPATH_SEARCH_PATHS = "$(inherited) @executable_path/Frameworks";
				PRODUCT_BUNDLE_IDENTIFIER = com.test.testEyeVersion;
				PRODUCT_NAME = "$(TARGET_NAME)";
				SWIFT_VERSION = 3.0;
			};
			name = Debug;
		};
		2F15A2861E1D723200FC7C89 /* Release */ = {
			isa = XCBuildConfiguration;
			buildSettings = {
				ASSETCATALOG_COMPILER_APPICON_NAME = AppIcon;
				DEVELOPMENT_TEAM = 52P882228D;
				INFOPLIST_FILE = testEyeVersion/Info.plist;
				LD_RUNPATH_SEARCH_PATHS = "$(inherited) @executable_path/Frameworks";
				PRODUCT_BUNDLE_IDENTIFIER = com.test.testEyeVersion;
				PRODUCT_NAME = "$(TARGET_NAME)";
				SWIFT_VERSION = 3.0;
			};
			name = Release;
		};
		2F15A2881E1D723200FC7C89 /* Debug */ = {
			isa = XCBuildConfiguration;
			buildSettings = {
				ALWAYS_EMBED_SWIFT_STANDARD_LIBRARIES = YES;
				BUNDLE_LOADER = "$(TEST_HOST)";
				DEVELOPMENT_TEAM = 52P882228D;
				INFOPLIST_FILE = testEyeVersionTests/Info.plist;
				LD_RUNPATH_SEARCH_PATHS = "$(inherited) @executable_path/Frameworks @loader_path/Frameworks";
				PRODUCT_BUNDLE_IDENTIFIER = com.test.testEyeVersionTests;
				PRODUCT_NAME = "$(TARGET_NAME)";
				SWIFT_VERSION = 3.0;
				TEST_HOST = "$(BUILT_PRODUCTS_DIR)/testEyeVersion.app/testEyeVersion";
			};
			name = Debug;
		};
		2F15A2891E1D723200FC7C89 /* Release */ = {
			isa = XCBuildConfiguration;
			buildSettings = {
				ALWAYS_EMBED_SWIFT_STANDARD_LIBRARIES = YES;
				BUNDLE_LOADER = "$(TEST_HOST)";
				DEVELOPMENT_TEAM = 52P882228D;
				INFOPLIST_FILE = testEyeVersionTests/Info.plist;
				LD_RUNPATH_SEARCH_PATHS = "$(inherited) @executable_path/Frameworks @loader_path/Frameworks";
				PRODUCT_BUNDLE_IDENTIFIER = com.test.testEyeVersionTests;
				PRODUCT_NAME = "$(TARGET_NAME)";
				SWIFT_VERSION = 3.0;
				TEST_HOST = "$(BUILT_PRODUCTS_DIR)/testEyeVersion.app/testEyeVersion";
			};
			name = Release;
		};
		2F15A28B1E1D723200FC7C89 /* Debug */ = {
			isa = XCBuildConfiguration;
			buildSettings = {
				ALWAYS_EMBED_SWIFT_STANDARD_LIBRARIES = YES;
				DEVELOPMENT_TEAM = 52P882228D;
				INFOPLIST_FILE = testEyeVersionUITests/Info.plist;
				LD_RUNPATH_SEARCH_PATHS = "$(inherited) @executable_path/Frameworks @loader_path/Frameworks";
				PRODUCT_BUNDLE_IDENTIFIER = com.test.testEyeVersionUITests;
				PRODUCT_NAME = "$(TARGET_NAME)";
				SWIFT_VERSION = 3.0;
				TEST_TARGET_NAME = testEyeVersion;
			};
			name = Debug;
		};
		2F15A28C1E1D723200FC7C89 /* Release */ = {
			isa = XCBuildConfiguration;
			buildSettings = {
				ALWAYS_EMBED_SWIFT_STANDARD_LIBRARIES = YES;
				DEVELOPMENT_TEAM = 52P882228D;
				INFOPLIST_FILE = testEyeVersionUITests/Info.plist;
				LD_RUNPATH_SEARCH_PATHS = "$(inherited) @executable_path/Frameworks @loader_path/Frameworks";
				PRODUCT_BUNDLE_IDENTIFIER = com.test.testEyeVersionUITests;
				PRODUCT_NAME = "$(TARGET_NAME)";
				SWIFT_VERSION = 3.0;
				TEST_TARGET_NAME = testEyeVersion;
			};
			name = Release;
		};
/* End XCBuildConfiguration section */

/* Begin XCConfigurationList section */
		2F15A2571E1D723200FC7C89 /* Build configuration list for PBXProject "testEyeVersion" */ = {
			isa = XCConfigurationList;
			buildConfigurations = (
				2F15A2821E1D723200FC7C89 /* Debug */,
				2F15A2831E1D723200FC7C89 /* Release */,
			);
			defaultConfigurationIsVisible = 0;
			defaultConfigurationName = Release;
		};
		2F15A2841E1D723200FC7C89 /* Build configuration list for PBXNativeTarget "testEyeVersion" */ = {
			isa = XCConfigurationList;
			buildConfigurations = (
				2F15A2851E1D723200FC7C89 /* Debug */,
				2F15A2861E1D723200FC7C89 /* Release */,
			);
			defaultConfigurationIsVisible = 0;
		};
		2F15A2871E1D723200FC7C89 /* Build configuration list for PBXNativeTarget "testEyeVersionTests" */ = {
			isa = XCConfigurationList;
			buildConfigurations = (
				2F15A2881E1D723200FC7C89 /* Debug */,
				2F15A2891E1D723200FC7C89 /* Release */,
			);
			defaultConfigurationIsVisible = 0;
		};
		2F15A28A1E1D723200FC7C89 /* Build configuration list for PBXNativeTarget "testEyeVersionUITests" */ = {
			isa = XCConfigurationList;
			buildConfigurations = (
				2F15A28B1E1D723200FC7C89 /* Debug */,
				2F15A28C1E1D723200FC7C89 /* Release */,
			);
			defaultConfigurationIsVisible = 0;
		};
/* End XCConfigurationList section */
	};
	rootObject = 2F15A2541E1D723200FC7C89 /* Project object */;
}
